
Microsoft Visual Studio Solution File, Format Version 12.00
# Visual Studio Version 16
VisualStudioVersion = 16.0.31005.135
MinimumVisualStudioVersion = 10.0.40219.1
Project("{FAE04EC0-301F-11D3-BF4B-00C04F79EFBC}") = "CalculatorLab", "CalculatorLab\CalculatorLab.csproj", "{10E47037-0C4B-4870-A34E-2ADEB2BFD40E}"
EndProject
Project("{FAE04EC0-301F-11D3-BF4B-00C04F79EFBC}") = "CalculatorLogic", "CalculatorLogic\CalculatorLogic.csproj", "{2902B94A-369F-4E9C-AC8A-DE991221C35D}"
EndProject
Global
	GlobalSection(SolutionConfigurationPlatforms) = preSolution
		Debug|Any CPU = Debug|Any CPU
		Release|Any CPU = Release|Any CPU
	EndGlobalSection
	GlobalSection(ProjectConfigurationPlatforms) = postSolution
		{10E47037-0C4B-4870-A34E-2ADEB2BFD40E}.Debug|Any CPU.ActiveCfg = Debug|Any CPU
		{10E47037-0C4B-4870-A34E-2ADEB2BFD40E}.Debug|Any CPU.Build.0 = Debug|Any CPU
		{10E47037-0C4B-4870-A34E-2ADEB2BFD40E}.Release|Any CPU.ActiveCfg = Release|Any CPU
		{10E47037-0C4B-4870-A34E-2ADEB2BFD40E}.Release|Any CPU.Build.0 = Release|Any CPU
		{2902B94A-369F-4E9C-AC8A-DE991221C35D}.Debug|Any CPU.ActiveCfg = Debug|Any CPU
		{2902B94A-369F-4E9C-AC8A-DE991221C35D}.Debug|Any CPU.Build.0 = Debug|Any CPU
		{2902B94A-369F-4E9C-AC8A-DE991221C35D}.Release|Any CPU.ActiveCfg = Release|Any CPU
		{2902B94A-369F-4E9C-AC8A-DE991221C35D}.Release|Any CPU.Build.0 = Release|Any CPU
	EndGlobalSection
	GlobalSection(SolutionProperties) = preSolution
		HideSolutionNode = FALSE
	EndGlobalSection
	GlobalSection(ExtensibilityGlobals) = postSolution
		SolutionGuid = {086FAE5B-6545-4CFA-97B2-DBC6EB4024E4}
	EndGlobalSection
EndGlobal
